
Microsoft Visual Studio Solution File, Format Version 12.00
# Visual Studio Version 16
VisualStudioVersion = 16.0.30621.155
MinimumVisualStudioVersion = 10.0.40219.1
Project("{FAE04EC0-301F-11D3-BF4B-00C04F79EFBC}") = "BiShop", "BiShop\BiShop.csproj", "{780206CF-9997-4FBA-9747-A4EA87B80919}"
EndProject
Global
	GlobalSection(SolutionConfigurationPlatforms) = preSolution
		Debug|Any CPU = Debug|Any CPU
		Release|Any CPU = Release|Any CPU
	EndGlobalSection
	GlobalSection(ProjectConfigurationPlatforms) = postSolution
		{780206CF-9997-4FBA-9747-A4EA87B80919}.Debug|Any CPU.ActiveCfg = Debug|Any CPU
		{780206CF-9997-4FBA-9747-A4EA87B80919}.Debug|Any CPU.Build.0 = Debug|Any CPU
		{780206CF-9997-4FBA-9747-A4EA87B80919}.Release|Any CPU.ActiveCfg = Release|Any CPU
		{780206CF-9997-4FBA-9747-A4EA87B80919}.Release|Any CPU.Build.0 = Release|Any CPU
	EndGlobalSection
	GlobalSection(SolutionProperties) = preSolution
		HideSolutionNode = FALSE
	EndGlobalSection
	GlobalSection(ExtensibilityGlobals) = postSolution
		SolutionGuid = {E976189B-C09C-4AD4-B21D-DA85527D1919}
	EndGlobalSection
EndGlobal
